
Microsoft Visual Studio Solution File, Format Version 12.00
# Visual Studio Version 17
VisualStudioVersion = 17.4.33213.308
MinimumVisualStudioVersion = 10.0.40219.1
Project("{FAE04EC0-301F-11D3-BF4B-00C04F79EFBC}") = "A51LinkedList", "A51LinkedList\A51LinkedList.csproj", "{A17AE6BD-DAC1-4CAB-BBEB-04ED4C51489C}"
EndProject
Global
	GlobalSection(SolutionConfigurationPlatforms) = preSolution
		Debug|Any CPU = Debug|Any CPU
		Release|Any CPU = Release|Any CPU
	EndGlobalSection
	GlobalSection(ProjectConfigurationPlatforms) = postSolution
		{A17AE6BD-DAC1-4CAB-BBEB-04ED4C51489C}.Debug|Any CPU.ActiveCfg = Debug|Any CPU
		{A17AE6BD-DAC1-4CAB-BBEB-04ED4C51489C}.Debug|Any CPU.Build.0 = Debug|Any CPU
		{A17AE6BD-DAC1-4CAB-BBEB-04ED4C51489C}.Release|Any CPU.ActiveCfg = Release|Any CPU
		{A17AE6BD-DAC1-4CAB-BBEB-04ED4C51489C}.Release|Any CPU.Build.0 = Release|Any CPU
	EndGlobalSection
	GlobalSection(SolutionProperties) = preSolution
		HideSolutionNode = FALSE
	EndGlobalSection
	GlobalSection(ExtensibilityGlobals) = postSolution
		SolutionGuid = {CAF19DC8-07D2-4DBC-9CA2-8630EA0D065C}
	EndGlobalSection
EndGlobal
