
Microsoft Visual Studio Solution File, Format Version 12.00
# Visual Studio Version 17
VisualStudioVersion = 17.4.33213.308
MinimumVisualStudioVersion = 10.0.40219.1
Project("{FAE04EC0-301F-11D3-BF4B-00C04F79EFBC}") = "A52Stack", "A52Stack\A52Stack.csproj", "{EE3DC3DA-D980-4E89-92E4-58981A01F2E5}"
EndProject
Global
	GlobalSection(SolutionConfigurationPlatforms) = preSolution
		Debug|Any CPU = Debug|Any CPU
		Release|Any CPU = Release|Any CPU
	EndGlobalSection
	GlobalSection(ProjectConfigurationPlatforms) = postSolution
		{EE3DC3DA-D980-4E89-92E4-58981A01F2E5}.Debug|Any CPU.ActiveCfg = Debug|Any CPU
		{EE3DC3DA-D980-4E89-92E4-58981A01F2E5}.Debug|Any CPU.Build.0 = Debug|Any CPU
		{EE3DC3DA-D980-4E89-92E4-58981A01F2E5}.Release|Any CPU.ActiveCfg = Release|Any CPU
		{EE3DC3DA-D980-4E89-92E4-58981A01F2E5}.Release|Any CPU.Build.0 = Release|Any CPU
	EndGlobalSection
	GlobalSection(SolutionProperties) = preSolution
		HideSolutionNode = FALSE
	EndGlobalSection
	GlobalSection(ExtensibilityGlobals) = postSolution
		SolutionGuid = {3F739C5D-EE73-43AA-9D43-5976D31F2C8D}
	EndGlobalSection
EndGlobal
