
Microsoft Visual Studio Solution File, Format Version 12.00
# Visual Studio Version 17
VisualStudioVersion = 17.4.33213.308
MinimumVisualStudioVersion = 10.0.40219.1
Project("{FAE04EC0-301F-11D3-BF4B-00C04F79EFBC}") = "bankADM", "bankADM\bankADM.csproj", "{4C5BE1FA-6E77-4065-B64A-91C31B7C7CF2}"
EndProject
Global
	GlobalSection(SolutionConfigurationPlatforms) = preSolution
		Debug|Any CPU = Debug|Any CPU
		Release|Any CPU = Release|Any CPU
	EndGlobalSection
	GlobalSection(ProjectConfigurationPlatforms) = postSolution
		{4C5BE1FA-6E77-4065-B64A-91C31B7C7CF2}.Debug|Any CPU.ActiveCfg = Debug|Any CPU
		{4C5BE1FA-6E77-4065-B64A-91C31B7C7CF2}.Debug|Any CPU.Build.0 = Debug|Any CPU
		{4C5BE1FA-6E77-4065-B64A-91C31B7C7CF2}.Release|Any CPU.ActiveCfg = Release|Any CPU
		{4C5BE1FA-6E77-4065-B64A-91C31B7C7CF2}.Release|Any CPU.Build.0 = Release|Any CPU
	EndGlobalSection
	GlobalSection(SolutionProperties) = preSolution
		HideSolutionNode = FALSE
	EndGlobalSection
	GlobalSection(ExtensibilityGlobals) = postSolution
		SolutionGuid = {35F09E3B-BD16-4FA9-853E-79B3F300B6B7}
	EndGlobalSection
EndGlobal
