
Microsoft Visual Studio Solution File, Format Version 12.00
# Visual Studio Version 17
VisualStudioVersion = 17.4.33213.308
MinimumVisualStudioVersion = 10.0.40219.1
Project("{FAE04EC0-301F-11D3-BF4B-00C04F79EFBC}") = "A32SetNoModelo", "A32SetNoModelo\A32SetNoModelo.csproj", "{57016D84-C3FC-43DA-9182-57E216BCB572}"
EndProject
Global
	GlobalSection(SolutionConfigurationPlatforms) = preSolution
		Debug|Any CPU = Debug|Any CPU
		Release|Any CPU = Release|Any CPU
	EndGlobalSection
	GlobalSection(ProjectConfigurationPlatforms) = postSolution
		{57016D84-C3FC-43DA-9182-57E216BCB572}.Debug|Any CPU.ActiveCfg = Debug|Any CPU
		{57016D84-C3FC-43DA-9182-57E216BCB572}.Debug|Any CPU.Build.0 = Debug|Any CPU
		{57016D84-C3FC-43DA-9182-57E216BCB572}.Release|Any CPU.ActiveCfg = Release|Any CPU
		{57016D84-C3FC-43DA-9182-57E216BCB572}.Release|Any CPU.Build.0 = Release|Any CPU
	EndGlobalSection
	GlobalSection(SolutionProperties) = preSolution
		HideSolutionNode = FALSE
	EndGlobalSection
	GlobalSection(ExtensibilityGlobals) = postSolution
		SolutionGuid = {40E012C2-33AE-4AC7-AC50-D7C9BACE409E}
	EndGlobalSection
EndGlobal
