
Microsoft Visual Studio Solution File, Format Version 12.00
# Visual Studio Version 17
VisualStudioVersion = 17.4.33103.184
MinimumVisualStudioVersion = 10.0.40219.1
Project("{FAE04EC0-301F-11D3-BF4B-00C04F79EFBC}") = "10-CalcularPoupança", "10-CalcularPoupança\10-CalcularPoupança.csproj", "{1A675780-85A7-4424-B371-58B9149D2966}"
EndProject
Global
	GlobalSection(SolutionConfigurationPlatforms) = preSolution
		Debug|Any CPU = Debug|Any CPU
		Release|Any CPU = Release|Any CPU
	EndGlobalSection
	GlobalSection(ProjectConfigurationPlatforms) = postSolution
		{1A675780-85A7-4424-B371-58B9149D2966}.Debug|Any CPU.ActiveCfg = Debug|Any CPU
		{1A675780-85A7-4424-B371-58B9149D2966}.Debug|Any CPU.Build.0 = Debug|Any CPU
		{1A675780-85A7-4424-B371-58B9149D2966}.Release|Any CPU.ActiveCfg = Release|Any CPU
		{1A675780-85A7-4424-B371-58B9149D2966}.Release|Any CPU.Build.0 = Release|Any CPU
	EndGlobalSection
	GlobalSection(SolutionProperties) = preSolution
		HideSolutionNode = FALSE
	EndGlobalSection
	GlobalSection(ExtensibilityGlobals) = postSolution
		SolutionGuid = {0599EA3C-3059-47FC-8BC0-DA3956B58307}
	EndGlobalSection
EndGlobal
