
Microsoft Visual Studio Solution File, Format Version 12.00
# Visual Studio Version 17
VisualStudioVersion = 17.4.33213.308
MinimumVisualStudioVersion = 10.0.40219.1
Project("{FAE04EC0-301F-11D3-BF4B-00C04F79EFBC}") = "Criando uma classe", "Criando uma classe\Criando uma classe.csproj", "{7E78BF12-9DC1-454C-885F-10B31AA7545F}"
EndProject
Global
	GlobalSection(SolutionConfigurationPlatforms) = preSolution
		Debug|Any CPU = Debug|Any CPU
		Release|Any CPU = Release|Any CPU
	EndGlobalSection
	GlobalSection(ProjectConfigurationPlatforms) = postSolution
		{7E78BF12-9DC1-454C-885F-10B31AA7545F}.Debug|Any CPU.ActiveCfg = Debug|Any CPU
		{7E78BF12-9DC1-454C-885F-10B31AA7545F}.Debug|Any CPU.Build.0 = Debug|Any CPU
		{7E78BF12-9DC1-454C-885F-10B31AA7545F}.Release|Any CPU.ActiveCfg = Release|Any CPU
		{7E78BF12-9DC1-454C-885F-10B31AA7545F}.Release|Any CPU.Build.0 = Release|Any CPU
	EndGlobalSection
	GlobalSection(SolutionProperties) = preSolution
		HideSolutionNode = FALSE
	EndGlobalSection
	GlobalSection(ExtensibilityGlobals) = postSolution
		SolutionGuid = {E765CF94-56B8-4FF8-9847-7E986ECAD39A}
	EndGlobalSection
EndGlobal
