
Microsoft Visual Studio Solution File, Format Version 12.00
# Visual Studio Version 17
VisualStudioVersion = 17.4.33103.184
MinimumVisualStudioVersion = 10.0.40219.1
Project("{FAE04EC0-301F-11D3-BF4B-00C04F79EFBC}") = "ContratoDeTrabalho", "ContratoDeTrabalho\ContratoDeTrabalho.csproj", "{CD66E68F-A62D-4324-B734-AA3528355AC0}"
EndProject
Global
	GlobalSection(SolutionConfigurationPlatforms) = preSolution
		Debug|Any CPU = Debug|Any CPU
		Release|Any CPU = Release|Any CPU
	EndGlobalSection
	GlobalSection(ProjectConfigurationPlatforms) = postSolution
		{CD66E68F-A62D-4324-B734-AA3528355AC0}.Debug|Any CPU.ActiveCfg = Debug|Any CPU
		{CD66E68F-A62D-4324-B734-AA3528355AC0}.Debug|Any CPU.Build.0 = Debug|Any CPU
		{CD66E68F-A62D-4324-B734-AA3528355AC0}.Release|Any CPU.ActiveCfg = Release|Any CPU
		{CD66E68F-A62D-4324-B734-AA3528355AC0}.Release|Any CPU.Build.0 = Release|Any CPU
	EndGlobalSection
	GlobalSection(SolutionProperties) = preSolution
		HideSolutionNode = FALSE
	EndGlobalSection
	GlobalSection(ExtensibilityGlobals) = postSolution
		SolutionGuid = {398C3189-F0C1-4A08-A304-D6FD21D19F39}
	EndGlobalSection
EndGlobal
