
Microsoft Visual Studio Solution File, Format Version 12.00
# Visual Studio Version 17
VisualStudioVersion = 17.4.33103.184
MinimumVisualStudioVersion = 10.0.40219.1
Project("{FAE04EC0-301F-11D3-BF4B-00C04F79EFBC}") = "DesafioALR-Multiplos", "DesafioALR-Multiplos\DesafioALR-Multiplos.csproj", "{11CD4E91-EFCE-4BC8-AC43-148983B4DB68}"
EndProject
Global
	GlobalSection(SolutionConfigurationPlatforms) = preSolution
		Debug|Any CPU = Debug|Any CPU
		Release|Any CPU = Release|Any CPU
	EndGlobalSection
	GlobalSection(ProjectConfigurationPlatforms) = postSolution
		{11CD4E91-EFCE-4BC8-AC43-148983B4DB68}.Debug|Any CPU.ActiveCfg = Debug|Any CPU
		{11CD4E91-EFCE-4BC8-AC43-148983B4DB68}.Debug|Any CPU.Build.0 = Debug|Any CPU
		{11CD4E91-EFCE-4BC8-AC43-148983B4DB68}.Release|Any CPU.ActiveCfg = Release|Any CPU
		{11CD4E91-EFCE-4BC8-AC43-148983B4DB68}.Release|Any CPU.Build.0 = Release|Any CPU
	EndGlobalSection
	GlobalSection(SolutionProperties) = preSolution
		HideSolutionNode = FALSE
	EndGlobalSection
	GlobalSection(ExtensibilityGlobals) = postSolution
		SolutionGuid = {B82DCD28-CCC2-4FFC-B058-33B774065914}
	EndGlobalSection
EndGlobal
