
Microsoft Visual Studio Solution File, Format Version 12.00
# Visual Studio Version 17
VisualStudioVersion = 17.4.33103.184
MinimumVisualStudioVersion = 10.0.40219.1
Project("{FAE04EC0-301F-11D3-BF4B-00C04F79EFBC}") = "Algoritmo de Trabb Pardo-Knuth", "Algoritmo de Trabb Pardo-Knuth\Algoritmo de Trabb Pardo-Knuth.csproj", "{24E9579B-B87E-4A35-A39E-DB6CF653CFD9}"
EndProject
Global
	GlobalSection(SolutionConfigurationPlatforms) = preSolution
		Debug|Any CPU = Debug|Any CPU
		Release|Any CPU = Release|Any CPU
	EndGlobalSection
	GlobalSection(ProjectConfigurationPlatforms) = postSolution
		{24E9579B-B87E-4A35-A39E-DB6CF653CFD9}.Debug|Any CPU.ActiveCfg = Debug|Any CPU
		{24E9579B-B87E-4A35-A39E-DB6CF653CFD9}.Debug|Any CPU.Build.0 = Debug|Any CPU
		{24E9579B-B87E-4A35-A39E-DB6CF653CFD9}.Release|Any CPU.ActiveCfg = Release|Any CPU
		{24E9579B-B87E-4A35-A39E-DB6CF653CFD9}.Release|Any CPU.Build.0 = Release|Any CPU
	EndGlobalSection
	GlobalSection(SolutionProperties) = preSolution
		HideSolutionNode = FALSE
	EndGlobalSection
	GlobalSection(ExtensibilityGlobals) = postSolution
		SolutionGuid = {88133D1E-DB87-4437-BD11-98DC217CDDD8}
	EndGlobalSection
EndGlobal
