
Microsoft Visual Studio Solution File, Format Version 12.00
# Visual Studio Version 17
VisualStudioVersion = 17.4.33103.184
MinimumVisualStudioVersion = 10.0.40219.1
Project("{FAE04EC0-301F-11D3-BF4B-00C04F79EFBC}") = "ValidacaoCPF", "ValidacaoCPF\ValidacaoCPF.csproj", "{C20F3E47-A52C-49A2-B6F7-0FB39E7DBEAD}"
EndProject
Global
	GlobalSection(SolutionConfigurationPlatforms) = preSolution
		Debug|Any CPU = Debug|Any CPU
		Release|Any CPU = Release|Any CPU
	EndGlobalSection
	GlobalSection(ProjectConfigurationPlatforms) = postSolution
		{C20F3E47-A52C-49A2-B6F7-0FB39E7DBEAD}.Debug|Any CPU.ActiveCfg = Debug|Any CPU
		{C20F3E47-A52C-49A2-B6F7-0FB39E7DBEAD}.Debug|Any CPU.Build.0 = Debug|Any CPU
		{C20F3E47-A52C-49A2-B6F7-0FB39E7DBEAD}.Release|Any CPU.ActiveCfg = Release|Any CPU
		{C20F3E47-A52C-49A2-B6F7-0FB39E7DBEAD}.Release|Any CPU.Build.0 = Release|Any CPU
	EndGlobalSection
	GlobalSection(SolutionProperties) = preSolution
		HideSolutionNode = FALSE
	EndGlobalSection
	GlobalSection(ExtensibilityGlobals) = postSolution
		SolutionGuid = {A6047CCB-8BA5-4171-B0EE-47A8A576681F}
	EndGlobalSection
EndGlobal
