
Microsoft Visual Studio Solution File, Format Version 12.00
# Visual Studio Version 17
VisualStudioVersion = 17.4.33103.184
MinimumVisualStudioVersion = 10.0.40219.1
Project("{FAE04EC0-301F-11D3-BF4B-00C04F79EFBC}") = "Passagem de parametros", "Passagem de parametros\Passagem de parametros.csproj", "{4B3C1C8B-C5B7-458E-B36F-9072F0A2AE3A}"
EndProject
Global
	GlobalSection(SolutionConfigurationPlatforms) = preSolution
		Debug|Any CPU = Debug|Any CPU
		Release|Any CPU = Release|Any CPU
	EndGlobalSection
	GlobalSection(ProjectConfigurationPlatforms) = postSolution
		{4B3C1C8B-C5B7-458E-B36F-9072F0A2AE3A}.Debug|Any CPU.ActiveCfg = Debug|Any CPU
		{4B3C1C8B-C5B7-458E-B36F-9072F0A2AE3A}.Debug|Any CPU.Build.0 = Debug|Any CPU
		{4B3C1C8B-C5B7-458E-B36F-9072F0A2AE3A}.Release|Any CPU.ActiveCfg = Release|Any CPU
		{4B3C1C8B-C5B7-458E-B36F-9072F0A2AE3A}.Release|Any CPU.Build.0 = Release|Any CPU
	EndGlobalSection
	GlobalSection(SolutionProperties) = preSolution
		HideSolutionNode = FALSE
	EndGlobalSection
	GlobalSection(ExtensibilityGlobals) = postSolution
		SolutionGuid = {12D57139-8004-4138-840F-013EF62A536F}
	EndGlobalSection
EndGlobal
